
Microsoft Visual Studio Solution File, Format Version 12.00
# Visual Studio 2012
Project("{FAE04EC0-301F-11D3-BF4B-00C04F79EFBC}") = "Examples.AddressBook", "Examples.AddressBook\Examples.AddressBook.csproj", "{30E2B4C9-CF6E-4624-B2BC-3898CFFD0E4E}"
EndProject
Project("{FAE04EC0-301F-11D3-BF4B-00C04F79EFBC}") = "Poci.Common", "Poci.Common\Poci.Common.csproj", "{65749625-A074-46DE-8D05-D7CEC0E610F9}"
EndProject
Project("{FAE04EC0-301F-11D3-BF4B-00C04F79EFBC}") = "Poci.Security", "Poci.Security\Poci.Security.csproj", "{DA5876BB-41E0-4532-AD2A-EA508611B585}"
EndProject
Project("{FAE04EC0-301F-11D3-BF4B-00C04F79EFBC}") = "Poci.Security.Tests", "Poci.Security.Tests\Poci.Security.Tests.csproj", "{1769D790-9E3E-4624-8A43-11960A347A65}"
EndProject
Project("{FAE04EC0-301F-11D3-BF4B-00C04F79EFBC}") = "Examples.AddressBook.Tests", "Examples.AddressBook.Tests\Examples.AddressBook.Tests.csproj", "{5D9DF119-BD8D-4AEA-9B3B-AC3413A26EFA}"
EndProject
Project("{FAE04EC0-301F-11D3-BF4B-00C04F79EFBC}") = "Poci.Contacts.Data", "Poci.Contacts.Data\Poci.Contacts.Data.csproj", "{84F56F83-A2BC-4206-A08E-9CE33AAA2BA0}"
EndProject
Project("{FAE04EC0-301F-11D3-BF4B-00C04F79EFBC}") = "Poci.Security.Data", "Poci.Security.Data\Poci.Security.Data.csproj", "{0528C173-C842-4ABC-8A0C-AF7BDE8063D8}"
EndProject
Project("{FAE04EC0-301F-11D3-BF4B-00C04F79EFBC}") = "Examples.AddressBook.InMemory", "Examples.AddressBook.InMemory\Examples.AddressBook.InMemory.csproj", "{FD4CC68C-03D4-4926-895C-F66A4522852F}"
EndProject
Project("{FAE04EC0-301F-11D3-BF4B-00C04F79EFBC}") = "Examples.AddressBook.Api", "Examples.AddressBook.Api\Examples.AddressBook.Api.csproj", "{7E15F9CF-F01B-4CC2-8128-A91AD80973F6}"
EndProject
Project("{FAE04EC0-301F-11D3-BF4B-00C04F79EFBC}") = "Examples.AddressBook.Api.Tests", "Examples.AddressBook.Api.Tests\Examples.AddressBook.Api.Tests.csproj", "{F5AF0E27-4C81-4316-B91B-A20A3F6F4DAC}"
EndProject
Project("{FAE04EC0-301F-11D3-BF4B-00C04F79EFBC}") = "Examples.AddressBook.EF", "Examples.AddressBook.EF\Examples.AddressBook.EF.csproj", "{6DF26E58-5C12-4166-9FFC-85685EF95C73}"
EndProject
Project("{FAE04EC0-301F-11D3-BF4B-00C04F79EFBC}") = "Examples.AddressBook.EF.Tests", "Examples.AddressBook.EF.Tests\Examples.AddressBook.EF.Tests.csproj", "{B904DAAC-6577-451C-A8C5-9315B89DE621}"
EndProject
Project("{2150E333-8FDC-42A3-9474-1A3956D46DE8}") = ".nuget", ".nuget", "{CADD9A08-9787-413B-A749-F7DF41AE53B8}"
	ProjectSection(SolutionItems) = preProject
		.nuget\NuGet.exe = .nuget\NuGet.exe
		.nuget\NuGet.targets = .nuget\NuGet.targets
	EndProjectSection
EndProject
Project("{FAE04EC0-301F-11D3-BF4B-00C04F79EFBC}") = "Examples.AddressBook.RavenDb", "Examples.AddressBook.RavenDb\Examples.AddressBook.RavenDb.csproj", "{D4826A9E-C38C-4EC8-8A80-053D8CD67236}"
EndProject
Global
	GlobalSection(SolutionConfigurationPlatforms) = preSolution
		Debug|ARM = Debug|ARM
		Debug|Any CPU = Debug|Any CPU
		Debug|x64 = Debug|x64
		Debug|x86 = Debug|x86
		Release|ARM = Release|ARM
		Release|Any CPU = Release|Any CPU
		Release|x64 = Release|x64
		Release|x86 = Release|x86
	EndGlobalSection
	GlobalSection(ProjectConfigurationPlatforms) = postSolution
		{0528C173-C842-4ABC-8A0C-AF7BDE8063D8}.Debug|ARM.ActiveCfg = Debug|Any CPU
		{0528C173-C842-4ABC-8A0C-AF7BDE8063D8}.Debug|Any CPU.ActiveCfg = Debug|Any CPU
		{0528C173-C842-4ABC-8A0C-AF7BDE8063D8}.Debug|Any CPU.Build.0 = Debug|Any CPU
		{0528C173-C842-4ABC-8A0C-AF7BDE8063D8}.Debug|x64.ActiveCfg = Debug|Any CPU
		{0528C173-C842-4ABC-8A0C-AF7BDE8063D8}.Debug|x86.ActiveCfg = Debug|Any CPU
		{0528C173-C842-4ABC-8A0C-AF7BDE8063D8}.Release|ARM.ActiveCfg = Release|Any CPU
		{0528C173-C842-4ABC-8A0C-AF7BDE8063D8}.Release|Any CPU.ActiveCfg = Release|Any CPU
		{0528C173-C842-4ABC-8A0C-AF7BDE8063D8}.Release|Any CPU.Build.0 = Release|Any CPU
		{0528C173-C842-4ABC-8A0C-AF7BDE8063D8}.Release|x64.ActiveCfg = Release|Any CPU
		{0528C173-C842-4ABC-8A0C-AF7BDE8063D8}.Release|x86.ActiveCfg = Release|Any CPU
		{1769D790-9E3E-4624-8A43-11960A347A65}.Debug|ARM.ActiveCfg = Debug|Any CPU
		{1769D790-9E3E-4624-8A43-11960A347A65}.Debug|Any CPU.ActiveCfg = Debug|Any CPU
		{1769D790-9E3E-4624-8A43-11960A347A65}.Debug|Any CPU.Build.0 = Debug|Any CPU
		{1769D790-9E3E-4624-8A43-11960A347A65}.Debug|x64.ActiveCfg = Debug|Any CPU
		{1769D790-9E3E-4624-8A43-11960A347A65}.Debug|x86.ActiveCfg = Debug|Any CPU
		{1769D790-9E3E-4624-8A43-11960A347A65}.Release|ARM.ActiveCfg = Release|Any CPU
		{1769D790-9E3E-4624-8A43-11960A347A65}.Release|Any CPU.ActiveCfg = Release|Any CPU
		{1769D790-9E3E-4624-8A43-11960A347A65}.Release|Any CPU.Build.0 = Release|Any CPU
		{1769D790-9E3E-4624-8A43-11960A347A65}.Release|x64.ActiveCfg = Release|Any CPU
		{1769D790-9E3E-4624-8A43-11960A347A65}.Release|x86.ActiveCfg = Release|Any CPU
		{30E2B4C9-CF6E-4624-B2BC-3898CFFD0E4E}.Debug|ARM.ActiveCfg = Debug|Any CPU
		{30E2B4C9-CF6E-4624-B2BC-3898CFFD0E4E}.Debug|Any CPU.ActiveCfg = Debug|Any CPU
		{30E2B4C9-CF6E-4624-B2BC-3898CFFD0E4E}.Debug|Any CPU.Build.0 = Debug|Any CPU
		{30E2B4C9-CF6E-4624-B2BC-3898CFFD0E4E}.Debug|x64.ActiveCfg = Debug|Any CPU
		{30E2B4C9-CF6E-4624-B2BC-3898CFFD0E4E}.Debug|x86.ActiveCfg = Debug|Any CPU
		{30E2B4C9-CF6E-4624-B2BC-3898CFFD0E4E}.Release|ARM.ActiveCfg = Release|Any CPU
		{30E2B4C9-CF6E-4624-B2BC-3898CFFD0E4E}.Release|Any CPU.ActiveCfg = Release|Any CPU
		{30E2B4C9-CF6E-4624-B2BC-3898CFFD0E4E}.Release|Any CPU.Build.0 = Release|Any CPU
		{30E2B4C9-CF6E-4624-B2BC-3898CFFD0E4E}.Release|x64.ActiveCfg = Release|Any CPU
		{30E2B4C9-CF6E-4624-B2BC-3898CFFD0E4E}.Release|x86.ActiveCfg = Release|Any CPU
		{5D9DF119-BD8D-4AEA-9B3B-AC3413A26EFA}.Debug|ARM.ActiveCfg = Debug|Any CPU
		{5D9DF119-BD8D-4AEA-9B3B-AC3413A26EFA}.Debug|Any CPU.ActiveCfg = Debug|Any CPU
		{5D9DF119-BD8D-4AEA-9B3B-AC3413A26EFA}.Debug|Any CPU.Build.0 = Debug|Any CPU
		{5D9DF119-BD8D-4AEA-9B3B-AC3413A26EFA}.Debug|x64.ActiveCfg = Debug|Any CPU
		{5D9DF119-BD8D-4AEA-9B3B-AC3413A26EFA}.Debug|x86.ActiveCfg = Debug|Any CPU
		{5D9DF119-BD8D-4AEA-9B3B-AC3413A26EFA}.Release|ARM.ActiveCfg = Release|Any CPU
		{5D9DF119-BD8D-4AEA-9B3B-AC3413A26EFA}.Release|Any CPU.ActiveCfg = Release|Any CPU
		{5D9DF119-BD8D-4AEA-9B3B-AC3413A26EFA}.Release|Any CPU.Build.0 = Release|Any CPU
		{5D9DF119-BD8D-4AEA-9B3B-AC3413A26EFA}.Release|x64.ActiveCfg = Release|Any CPU
		{5D9DF119-BD8D-4AEA-9B3B-AC3413A26EFA}.Release|x86.ActiveCfg = Release|Any CPU
		{65749625-A074-46DE-8D05-D7CEC0E610F9}.Debug|ARM.ActiveCfg = Debug|Any CPU
		{65749625-A074-46DE-8D05-D7CEC0E610F9}.Debug|Any CPU.ActiveCfg = Debug|Any CPU
		{65749625-A074-46DE-8D05-D7CEC0E610F9}.Debug|Any CPU.Build.0 = Debug|Any CPU
		{65749625-A074-46DE-8D05-D7CEC0E610F9}.Debug|x64.ActiveCfg = Debug|Any CPU
		{65749625-A074-46DE-8D05-D7CEC0E610F9}.Debug|x86.ActiveCfg = Debug|Any CPU
		{65749625-A074-46DE-8D05-D7CEC0E610F9}.Release|ARM.ActiveCfg = Release|Any CPU
		{65749625-A074-46DE-8D05-D7CEC0E610F9}.Release|Any CPU.ActiveCfg = Release|Any CPU
		{65749625-A074-46DE-8D05-D7CEC0E610F9}.Release|Any CPU.Build.0 = Release|Any CPU
		{65749625-A074-46DE-8D05-D7CEC0E610F9}.Release|x64.ActiveCfg = Release|Any CPU
		{65749625-A074-46DE-8D05-D7CEC0E610F9}.Release|x86.ActiveCfg = Release|Any CPU
		{6DF26E58-5C12-4166-9FFC-85685EF95C73}.Debug|ARM.ActiveCfg = Debug|Any CPU
		{6DF26E58-5C12-4166-9FFC-85685EF95C73}.Debug|Any CPU.ActiveCfg = Debug|Any CPU
		{6DF26E58-5C12-4166-9FFC-85685EF95C73}.Debug|Any CPU.Build.0 = Debug|Any CPU
		{6DF26E58-5C12-4166-9FFC-85685EF95C73}.Debug|x64.ActiveCfg = Debug|Any CPU
		{6DF26E58-5C12-4166-9FFC-85685EF95C73}.Debug|x86.ActiveCfg = Debug|Any CPU
		{6DF26E58-5C12-4166-9FFC-85685EF95C73}.Release|ARM.ActiveCfg = Release|Any CPU
		{6DF26E58-5C12-4166-9FFC-85685EF95C73}.Release|Any CPU.ActiveCfg = Release|Any CPU
		{6DF26E58-5C12-4166-9FFC-85685EF95C73}.Release|Any CPU.Build.0 = Release|Any CPU
		{6DF26E58-5C12-4166-9FFC-85685EF95C73}.Release|x64.ActiveCfg = Release|Any CPU
		{6DF26E58-5C12-4166-9FFC-85685EF95C73}.Release|x86.ActiveCfg = Release|Any CPU
		{7E15F9CF-F01B-4CC2-8128-A91AD80973F6}.Debug|ARM.ActiveCfg = Debug|Any CPU
		{7E15F9CF-F01B-4CC2-8128-A91AD80973F6}.Debug|Any CPU.ActiveCfg = Debug|Any CPU
		{7E15F9CF-F01B-4CC2-8128-A91AD80973F6}.Debug|Any CPU.Build.0 = Debug|Any CPU
		{7E15F9CF-F01B-4CC2-8128-A91AD80973F6}.Debug|x64.ActiveCfg = Debug|Any CPU
		{7E15F9CF-F01B-4CC2-8128-A91AD80973F6}.Debug|x86.ActiveCfg = Debug|Any CPU
		{7E15F9CF-F01B-4CC2-8128-A91AD80973F6}.Release|ARM.ActiveCfg = Release|Any CPU
		{7E15F9CF-F01B-4CC2-8128-A91AD80973F6}.Release|Any CPU.ActiveCfg = Release|Any CPU
		{7E15F9CF-F01B-4CC2-8128-A91AD80973F6}.Release|Any CPU.Build.0 = Release|Any CPU
		{7E15F9CF-F01B-4CC2-8128-A91AD80973F6}.Release|x64.ActiveCfg = Release|Any CPU
		{7E15F9CF-F01B-4CC2-8128-A91AD80973F6}.Release|x86.ActiveCfg = Release|Any CPU
		{84F56F83-A2BC-4206-A08E-9CE33AAA2BA0}.Debug|ARM.ActiveCfg = Debug|Any CPU
		{84F56F83-A2BC-4206-A08E-9CE33AAA2BA0}.Debug|Any CPU.ActiveCfg = Debug|Any CPU
		{84F56F83-A2BC-4206-A08E-9CE33AAA2BA0}.Debug|Any CPU.Build.0 = Debug|Any CPU
		{84F56F83-A2BC-4206-A08E-9CE33AAA2BA0}.Debug|x64.ActiveCfg = Debug|Any CPU
		{84F56F83-A2BC-4206-A08E-9CE33AAA2BA0}.Debug|x86.ActiveCfg = Debug|Any CPU
		{84F56F83-A2BC-4206-A08E-9CE33AAA2BA0}.Release|ARM.ActiveCfg = Release|Any CPU
		{84F56F83-A2BC-4206-A08E-9CE33AAA2BA0}.Release|Any CPU.ActiveCfg = Release|Any CPU
		{84F56F83-A2BC-4206-A08E-9CE33AAA2BA0}.Release|Any CPU.Build.0 = Release|Any CPU
		{84F56F83-A2BC-4206-A08E-9CE33AAA2BA0}.Release|x64.ActiveCfg = Release|Any CPU
		{84F56F83-A2BC-4206-A08E-9CE33AAA2BA0}.Release|x86.ActiveCfg = Release|Any CPU
		{B904DAAC-6577-451C-A8C5-9315B89DE621}.Debug|ARM.ActiveCfg = Debug|Any CPU
		{B904DAAC-6577-451C-A8C5-9315B89DE621}.Debug|Any CPU.ActiveCfg = Debug|Any CPU
		{B904DAAC-6577-451C-A8C5-9315B89DE621}.Debug|Any CPU.Build.0 = Debug|Any CPU
		{B904DAAC-6577-451C-A8C5-9315B89DE621}.Debug|x64.ActiveCfg = Debug|Any CPU
		{B904DAAC-6577-451C-A8C5-9315B89DE621}.Debug|x86.ActiveCfg = Debug|Any CPU
		{B904DAAC-6577-451C-A8C5-9315B89DE621}.Release|ARM.ActiveCfg = Release|Any CPU
		{B904DAAC-6577-451C-A8C5-9315B89DE621}.Release|Any CPU.ActiveCfg = Release|Any CPU
		{B904DAAC-6577-451C-A8C5-9315B89DE621}.Release|Any CPU.Build.0 = Release|Any CPU
		{B904DAAC-6577-451C-A8C5-9315B89DE621}.Release|x64.ActiveCfg = Release|Any CPU
		{B904DAAC-6577-451C-A8C5-9315B89DE621}.Release|x86.ActiveCfg = Release|Any CPU
		{D4826A9E-C38C-4EC8-8A80-053D8CD67236}.Debug|ARM.ActiveCfg = Debug|Any CPU
		{D4826A9E-C38C-4EC8-8A80-053D8CD67236}.Debug|Any CPU.ActiveCfg = Debug|Any CPU
		{D4826A9E-C38C-4EC8-8A80-053D8CD67236}.Debug|Any CPU.Build.0 = Debug|Any CPU
		{D4826A9E-C38C-4EC8-8A80-053D8CD67236}.Debug|x64.ActiveCfg = Debug|Any CPU
		{D4826A9E-C38C-4EC8-8A80-053D8CD67236}.Debug|x86.ActiveCfg = Debug|Any CPU
		{D4826A9E-C38C-4EC8-8A80-053D8CD67236}.Release|ARM.ActiveCfg = Release|Any CPU
		{D4826A9E-C38C-4EC8-8A80-053D8CD67236}.Release|Any CPU.ActiveCfg = Release|Any CPU
		{D4826A9E-C38C-4EC8-8A80-053D8CD67236}.Release|Any CPU.Build.0 = Release|Any CPU
		{D4826A9E-C38C-4EC8-8A80-053D8CD67236}.Release|x64.ActiveCfg = Release|Any CPU
		{D4826A9E-C38C-4EC8-8A80-053D8CD67236}.Release|x86.ActiveCfg = Release|Any CPU
		{DA5876BB-41E0-4532-AD2A-EA508611B585}.Debug|ARM.ActiveCfg = Debug|Any CPU
		{DA5876BB-41E0-4532-AD2A-EA508611B585}.Debug|Any CPU.ActiveCfg = Debug|Any CPU
		{DA5876BB-41E0-4532-AD2A-EA508611B585}.Debug|Any CPU.Build.0 = Debug|Any CPU
		{DA5876BB-41E0-4532-AD2A-EA508611B585}.Debug|x64.ActiveCfg = Debug|Any CPU
		{DA5876BB-41E0-4532-AD2A-EA508611B585}.Debug|x86.ActiveCfg = Debug|Any CPU
		{DA5876BB-41E0-4532-AD2A-EA508611B585}.Release|ARM.ActiveCfg = Release|Any CPU
		{DA5876BB-41E0-4532-AD2A-EA508611B585}.Release|Any CPU.ActiveCfg = Release|Any CPU
		{DA5876BB-41E0-4532-AD2A-EA508611B585}.Release|Any CPU.Build.0 = Release|Any CPU
		{DA5876BB-41E0-4532-AD2A-EA508611B585}.Release|x64.ActiveCfg = Release|Any CPU
		{DA5876BB-41E0-4532-AD2A-EA508611B585}.Release|x86.ActiveCfg = Release|Any CPU
		{F5AF0E27-4C81-4316-B91B-A20A3F6F4DAC}.Debug|ARM.ActiveCfg = Debug|Any CPU
		{F5AF0E27-4C81-4316-B91B-A20A3F6F4DAC}.Debug|Any CPU.ActiveCfg = Debug|Any CPU
		{F5AF0E27-4C81-4316-B91B-A20A3F6F4DAC}.Debug|Any CPU.Build.0 = Debug|Any CPU
		{F5AF0E27-4C81-4316-B91B-A20A3F6F4DAC}.Debug|x64.ActiveCfg = Debug|Any CPU
		{F5AF0E27-4C81-4316-B91B-A20A3F6F4DAC}.Debug|x86.ActiveCfg = Debug|Any CPU
		{F5AF0E27-4C81-4316-B91B-A20A3F6F4DAC}.Release|ARM.ActiveCfg = Release|Any CPU
		{F5AF0E27-4C81-4316-B91B-A20A3F6F4DAC}.Release|Any CPU.ActiveCfg = Release|Any CPU
		{F5AF0E27-4C81-4316-B91B-A20A3F6F4DAC}.Release|Any CPU.Build.0 = Release|Any CPU
		{F5AF0E27-4C81-4316-B91B-A20A3F6F4DAC}.Release|x64.ActiveCfg = Release|Any CPU
		{F5AF0E27-4C81-4316-B91B-A20A3F6F4DAC}.Release|x86.ActiveCfg = Release|Any CPU
		{FD4CC68C-03D4-4926-895C-F66A4522852F}.Debug|ARM.ActiveCfg = Debug|Any CPU
		{FD4CC68C-03D4-4926-895C-F66A4522852F}.Debug|Any CPU.ActiveCfg = Debug|Any CPU
		{FD4CC68C-03D4-4926-895C-F66A4522852F}.Debug|Any CPU.Build.0 = Debug|Any CPU
		{FD4CC68C-03D4-4926-895C-F66A4522852F}.Debug|x64.ActiveCfg = Debug|Any CPU
		{FD4CC68C-03D4-4926-895C-F66A4522852F}.Debug|x86.ActiveCfg = Debug|Any CPU
		{FD4CC68C-03D4-4926-895C-F66A4522852F}.Release|ARM.ActiveCfg = Release|Any CPU
		{FD4CC68C-03D4-4926-895C-F66A4522852F}.Release|Any CPU.ActiveCfg = Release|Any CPU
		{FD4CC68C-03D4-4926-895C-F66A4522852F}.Release|Any CPU.Build.0 = Release|Any CPU
		{FD4CC68C-03D4-4926-895C-F66A4522852F}.Release|x64.ActiveCfg = Release|Any CPU
		{FD4CC68C-03D4-4926-895C-F66A4522852F}.Release|x86.ActiveCfg = Release|Any CPU
	EndGlobalSection
	GlobalSection(SolutionProperties) = preSolution
		HideSolutionNode = FALSE
	EndGlobalSection
EndGlobal
